
Microsoft Visual Studio Solution File, Format Version 12.00
# Visual Studio Version 16
VisualStudioVersion = 16.0.31105.61
MinimumVisualStudioVersion = 10.0.40219.1
Project("{FAE04EC0-301F-11D3-BF4B-00C04F79EFBC}") = "Ejemplo3_Guia2_LabPED", "Ejemplo3_Guia2_LabPED\Ejemplo3_Guia2_LabPED.csproj", "{B23F7F57-BBC4-46AB-8E16-3510A4347784}"
EndProject
Global
	GlobalSection(SolutionConfigurationPlatforms) = preSolution
		Debug|Any CPU = Debug|Any CPU
		Release|Any CPU = Release|Any CPU
	EndGlobalSection
	GlobalSection(ProjectConfigurationPlatforms) = postSolution
		{B23F7F57-BBC4-46AB-8E16-3510A4347784}.Debug|Any CPU.ActiveCfg = Debug|Any CPU
		{B23F7F57-BBC4-46AB-8E16-3510A4347784}.Debug|Any CPU.Build.0 = Debug|Any CPU
		{B23F7F57-BBC4-46AB-8E16-3510A4347784}.Release|Any CPU.ActiveCfg = Release|Any CPU
		{B23F7F57-BBC4-46AB-8E16-3510A4347784}.Release|Any CPU.Build.0 = Release|Any CPU
	EndGlobalSection
	GlobalSection(SolutionProperties) = preSolution
		HideSolutionNode = FALSE
	EndGlobalSection
	GlobalSection(ExtensibilityGlobals) = postSolution
		SolutionGuid = {F7FF2C5E-883F-428F-BEF9-9F52C5433A1B}
	EndGlobalSection
EndGlobal
